// !$*UTF8*$!
{
	archiveVersion = 1;
	classes = {
	};
	objectVersion = 46;
	objects = {

/* Begin PBXBuildFile section */
		64A137BD21711089C5B3046D /* libPods-FirstTestFrameworks.a in Frameworks */ = {isa = PBXBuildFile; fileRef = 700367684981EE7965FE2BB2 /* libPods-FirstTestFrameworks.a */; };
		9E398D2C1DBC925800A7F725 /* FirstTestFrameworks.h in Headers */ = {isa = PBXBuildFile; fileRef = 9E398D2A1DBC925800A7F725 /* FirstTestFrameworks.h */; settings = {ATTRIBUTES = (Public, ); }; };
		9E398D861DBCAD1F00A7F725 /* TestModel.h in Headers */ = {isa = PBXBuildFile; fileRef = 9E398D831DBCAD1F00A7F725 /* TestModel.h */; };
		9E398D871DBCAD1F00A7F725 /* TestModel.m in Sources */ = {isa = PBXBuildFile; fileRef = 9E398D841DBCAD1F00A7F725 /* TestModel.m */; };
		9E398D8A1DBCAD3000A7F725 /* RequestManager.h in Headers */ = {isa = PBXBuildFile; fileRef = 9E398D881DBCAD3000A7F725 /* RequestManager.h */; };
		9E398D8B1DBCAD3000A7F725 /* RequestManager.m in Sources */ = {isa = PBXBuildFile; fileRef = 9E398D891DBCAD3000A7F725 /* RequestManager.m */; };
		9E398D8D1DBCAD4700A7F725 /* FirstTestFrameworks.podspec in Resources */ = {isa = PBXBuildFile; fileRef = 9E398D8C1DBCAD4700A7F725 /* FirstTestFrameworks.podspec */; };
/* End PBXBuildFile section */

/* Begin PBXFileReference section */
		00E2AA8A7B75492844CB5287 /* Pods-FirstTestFrameworks.release.xcconfig */ = {isa = PBXFileReference; includeInIndex = 1; lastKnownFileType = text.xcconfig; name = "Pods-FirstTestFrameworks.release.xcconfig"; path = "Pods/Target Support Files/Pods-FirstTestFrameworks/Pods-FirstTestFrameworks.release.xcconfig"; sourceTree = "<group>"; };
		6304C859FB5CC491421E4406 /* Pods-FirstTestFrameworks.debug.xcconfig */ = {isa = PBXFileReference; includeInIndex = 1; lastKnownFileType = text.xcconfig; name = "Pods-FirstTestFrameworks.debug.xcconfig"; path = "Pods/Target Support Files/Pods-FirstTestFrameworks/Pods-FirstTestFrameworks.debug.xcconfig"; sourceTree = "<group>"; };
		700367684981EE7965FE2BB2 /* libPods-FirstTestFrameworks.a */ = {isa = PBXFileReference; explicitFileType = archive.ar; includeInIndex = 0; path = "libPods-FirstTestFrameworks.a"; sourceTree = BUILT_PRODUCTS_DIR; };
		9E398D271DBC925800A7F725 /* FirstTestFrameworks.framework */ = {isa = PBXFileReference; explicitFileType = wrapper.framework; includeInIndex = 0; path = FirstTestFrameworks.framework; sourceTree = BUILT_PRODUCTS_DIR; };
		9E398D2A1DBC925800A7F725 /* FirstTestFrameworks.h */ = {isa = PBXFileReference; lastKnownFileType = sourcecode.c.h; path = FirstTestFrameworks.h; sourceTree = "<group>"; };
		9E398D2B1DBC925800A7F725 /* Info.plist */ = {isa = PBXFileReference; lastKnownFileType = text.plist.xml; path = Info.plist; sourceTree = "<group>"; };
		9E398D831DBCAD1F00A7F725 /* TestModel.h */ = {isa = PBXFileReference; fileEncoding = 4; lastKnownFileType = sourcecode.c.h; path = TestModel.h; sourceTree = "<group>"; };
		9E398D841DBCAD1F00A7F725 /* TestModel.m */ = {isa = PBXFileReference; fileEncoding = 4; lastKnownFileType = sourcecode.c.objc; path = TestModel.m; sourceTree = "<group>"; };
		9E398D881DBCAD3000A7F725 /* RequestManager.h */ = {isa = PBXFileReference; fileEncoding = 4; lastKnownFileType = sourcecode.c.h; path = RequestManager.h; sourceTree = "<group>"; };
		9E398D891DBCAD3000A7F725 /* RequestManager.m */ = {isa = PBXFileReference; fileEncoding = 4; lastKnownFileType = sourcecode.c.objc; path = RequestManager.m; sourceTree = "<group>"; };
		9E398D8C1DBCAD4700A7F725 /* FirstTestFrameworks.podspec */ = {isa = PBXFileReference; fileEncoding = 4; lastKnownFileType = text; path = FirstTestFrameworks.podspec; sourceTree = "<group>"; };
/* End PBXFileReference section */

/* Begin PBXFrameworksBuildPhase section */
		9E398D231DBC925800A7F725 /* Frameworks */ = {
			isa = PBXFrameworksBuildPhase;
			buildActionMask = 2147483647;
			files = (
				64A137BD21711089C5B3046D /* libPods-FirstTestFrameworks.a in Frameworks */,
			);
			runOnlyForDeploymentPostprocessing = 0;
		};
/* End PBXFrameworksBuildPhase section */

/* Begin PBXGroup section */
		526346DA1442751963E6F539 /* Pods */ = {
			isa = PBXGroup;
			children = (
				6304C859FB5CC491421E4406 /* Pods-FirstTestFrameworks.debug.xcconfig */,
				00E2AA8A7B75492844CB5287 /* Pods-FirstTestFrameworks.release.xcconfig */,
			);
			name = Pods;
			sourceTree = "<group>";
		};
		9E398D1D1DBC925800A7F725 = {
			isa = PBXGroup;
			children = (
				9E398D8C1DBCAD4700A7F725 /* FirstTestFrameworks.podspec */,
				9E398D291DBC925800A7F725 /* FirstTestFrameworks */,
				9E398D281DBC925800A7F725 /* Products */,
				526346DA1442751963E6F539 /* Pods */,
				D0B94D7BADEB56CBC5E6D2B5 /* Frameworks */,
			);
			sourceTree = "<group>";
		};
		9E398D281DBC925800A7F725 /* Products */ = {
			isa = PBXGroup;
			children = (
				9E398D271DBC925800A7F725 /* FirstTestFrameworks.framework */,
			);
			name = Products;
			sourceTree = "<group>";
		};
		9E398D291DBC925800A7F725 /* FirstTestFrameworks */ = {
			isa = PBXGroup;
			children = (
				9E398D821DBCAD1F00A7F725 /* DataModel */,
				9E398D851DBCAD1F00A7F725 /* Request */,
				9E398D2A1DBC925800A7F725 /* FirstTestFrameworks.h */,
				9E398D2B1DBC925800A7F725 /* Info.plist */,
			);
			path = FirstTestFrameworks;
			sourceTree = "<group>";
		};
		9E398D821DBCAD1F00A7F725 /* DataModel */ = {
			isa = PBXGroup;
			children = (
				9E398D831DBCAD1F00A7F725 /* TestModel.h */,
				9E398D841DBCAD1F00A7F725 /* TestModel.m */,
			);
			path = DataModel;
			sourceTree = "<group>";
		};
		9E398D851DBCAD1F00A7F725 /* Request */ = {
			isa = PBXGroup;
			children = (
				9E398D881DBCAD3000A7F725 /* RequestManager.h */,
				9E398D891DBCAD3000A7F725 /* RequestManager.m */,
			);
			path = Request;
			sourceTree = "<group>";
		};
		D0B94D7BADEB56CBC5E6D2B5 /* Frameworks */ = {
			isa = PBXGroup;
			children = (
				700367684981EE7965FE2BB2 /* libPods-FirstTestFrameworks.a */,
			);
			name = Frameworks;
			sourceTree = "<group>";
		};
/* End PBXGroup section */

/* Begin PBXHeadersBuildPhase section */
		9E398D241DBC925800A7F725 /* Headers */ = {
			isa = PBXHeadersBuildPhase;
			buildActionMask = 2147483647;
			files = (
				9E398D861DBCAD1F00A7F725 /* TestModel.h in Headers */,
				9E398D2C1DBC925800A7F725 /* FirstTestFrameworks.h in Headers */,
				9E398D8A1DBCAD3000A7F725 /* RequestManager.h in Headers */,
			);
			runOnlyForDeploymentPostprocessing = 0;
		};
/* End PBXHeadersBuildPhase section */

/* Begin PBXNativeTarget section */
		9E398D261DBC925800A7F725 /* FirstTestFrameworks */ = {
			isa = PBXNativeTarget;
			buildConfigurationList = 9E398D2F1DBC925800A7F725 /* Build configuration list for PBXNativeTarget "FirstTestFrameworks" */;
			buildPhases = (
				AC393EA679EDEF37BA3BA0D4 /* Check Pods Manifest.lock */,
				9E398D221DBC925800A7F725 /* Sources */,
				9E398D231DBC925800A7F725 /* Frameworks */,
				9E398D241DBC925800A7F725 /* Headers */,
				9E398D251DBC925800A7F725 /* Resources */,
				554641AE817C0D082DBCC8A7 /* Copy Pods Resources */,
			);
			buildRules = (
			);
			dependencies = (
			);
			name = FirstTestFrameworks;
			productName = FirstTestFrameworks;
			productReference = 9E398D271DBC925800A7F725 /* FirstTestFrameworks.framework */;
			productType = "com.apple.product-type.framework";
		};
/* End PBXNativeTarget section */

/* Begin PBXProject section */
		9E398D1E1DBC925800A7F725 /* Project object */ = {
			isa = PBXProject;
			attributes = {
				LastUpgradeCheck = 0800;
				ORGANIZATIONNAME = huangshupeng;
				TargetAttributes = {
					9E398D261DBC925800A7F725 = {
						CreatedOnToolsVersion = 8.0;
						ProvisioningStyle = Automatic;
					};
				};
			};
			buildConfigurationList = 9E398D211DBC925800A7F725 /* Build configuration list for PBXProject "FirstTestFrameworks" */;
			compatibilityVersion = "Xcode 3.2";
			developmentRegion = English;
			hasScannedForEncodings = 0;
			knownRegions = (
				en,
			);
			mainGroup = 9E398D1D1DBC925800A7F725;
			productRefGroup = 9E398D281DBC925800A7F725 /* Products */;
			projectDirPath = "";
			projectRoot = "";
			targets = (
				9E398D261DBC925800A7F725 /* FirstTestFrameworks */,
			);
		};
/* End PBXProject section */

/* Begin PBXResourcesBuildPhase section */
		9E398D251DBC925800A7F725 /* Resources */ = {
			isa = PBXResourcesBuildPhase;
			buildActionMask = 2147483647;
			files = (
				9E398D8D1DBCAD4700A7F725 /* FirstTestFrameworks.podspec in Resources */,
			);
			runOnlyForDeploymentPostprocessing = 0;
		};
/* End PBXResourcesBuildPhase section */

/* Begin PBXShellScriptBuildPhase section */
		554641AE817C0D082DBCC8A7 /* Copy Pods Resources */ = {
			isa = PBXShellScriptBuildPhase;
			buildActionMask = 2147483647;
			files = (
			);
			inputPaths = (
			);
			name = "Copy Pods Resources";
			outputPaths = (
			);
			runOnlyForDeploymentPostprocessing = 0;
			shellPath = /bin/sh;
			shellScript = "\"${SRCROOT}/Pods/Target Support Files/Pods-FirstTestFrameworks/Pods-FirstTestFrameworks-resources.sh\"\n";
			showEnvVarsInLog = 0;
		};
		AC393EA679EDEF37BA3BA0D4 /* Check Pods Manifest.lock */ = {
			isa = PBXShellScriptBuildPhase;
			buildActionMask = 2147483647;
			files = (
			);
			inputPaths = (
			);
			name = "Check Pods Manifest.lock";
			outputPaths = (
			);
			runOnlyForDeploymentPostprocessing = 0;
			shellPath = /bin/sh;
			shellScript = "diff \"${PODS_ROOT}/../Podfile.lock\" \"${PODS_ROOT}/Manifest.lock\" > /dev/null\nif [[ $? != 0 ]] ; then\n    cat << EOM\nerror: The sandbox is not in sync with the Podfile.lock. Run 'pod install' or update your CocoaPods installation.\nEOM\n    exit 1\nfi\n";
			showEnvVarsInLog = 0;
		};
/* End PBXShellScriptBuildPhase section */

/* Begin PBXSourcesBuildPhase section */
		9E398D221DBC925800A7F725 /* Sources */ = {
			isa = PBXSourcesBuildPhase;
			buildActionMask = 2147483647;
			files = (
				9E398D871DBCAD1F00A7F725 /* TestModel.m in Sources */,
				9E398D8B1DBCAD3000A7F725 /* RequestManager.m in Sources */,
			);
			runOnlyForDeploymentPostprocessing = 0;
		};
/* End PBXSourcesBuildPhase section */

/* Begin XCBuildConfiguration section */
		9E398D2D1DBC925800A7F725 /* Debug */ = {
			isa = XCBuildConfiguration;
			buildSettings = {
				ALWAYS_SEARCH_USER_PATHS = NO;
				CLANG_ANALYZER_NONNULL = YES;
				CLANG_CXX_LANGUAGE_STANDARD = "gnu++0x";
				CLANG_CXX_LIBRARY = "libc++";
				CLANG_ENABLE_MODULES = YES;
				CLANG_ENABLE_OBJC_ARC = YES;
				CLANG_WARN_BOOL_CONVERSION = YES;
				CLANG_WARN_CONSTANT_CONVERSION = YES;
				CLANG_WARN_DIRECT_OBJC_ISA_USAGE = YES_ERROR;
				CLANG_WARN_DOCUMENTATION_COMMENTS = YES;
				CLANG_WARN_EMPTY_BODY = YES;
				CLANG_WARN_ENUM_CONVERSION = YES;
				CLANG_WARN_INFINITE_RECURSION = YES;
				CLANG_WARN_INT_CONVERSION = YES;
				CLANG_WARN_OBJC_ROOT_CLASS = YES_ERROR;
				CLANG_WARN_SUSPICIOUS_MOVES = YES;
				CLANG_WARN_UNREACHABLE_CODE = YES;
				CLANG_WARN__DUPLICATE_METHOD_MATCH = YES;
				"CODE_SIGN_IDENTITY[sdk=iphoneos*]" = "iPhone Developer";
				COPY_PHASE_STRIP = NO;
				CURRENT_PROJECT_VERSION = 1;
				DEBUG_INFORMATION_FORMAT = dwarf;
				ENABLE_STRICT_OBJC_MSGSEND = YES;
				ENABLE_TESTABILITY = YES;
				GCC_C_LANGUAGE_STANDARD = gnu99;
				GCC_DYNAMIC_NO_PIC = NO;
				GCC_NO_COMMON_BLOCKS = YES;
				GCC_OPTIMIZATION_LEVEL = 0;
				GCC_PREPROCESSOR_DEFINITIONS = (
					"DEBUG=1",
					"$(inherited)",
				);
				GCC_WARN_64_TO_32_BIT_CONVERSION = YES;
				GCC_WARN_ABOUT_RETURN_TYPE = YES_ERROR;
				GCC_WARN_UNDECLARED_SELECTOR = YES;
				GCC_WARN_UNINITIALIZED_AUTOS = YES_AGGRESSIVE;
				GCC_WARN_UNUSED_FUNCTION = YES;
				GCC_WARN_UNUSED_VARIABLE = YES;
				IPHONEOS_DEPLOYMENT_TARGET = 10.0;
				MTL_ENABLE_DEBUG_INFO = YES;
				ONLY_ACTIVE_ARCH = YES;
				SDKROOT = iphoneos;
				TARGETED_DEVICE_FAMILY = "1,2";
				VERSIONING_SYSTEM = "apple-generic";
				VERSION_INFO_PREFIX = "";
			};
			name = Debug;
		};
		9E398D2E1DBC925800A7F725 /* Release */ = {
			isa = XCBuildConfiguration;
			buildSettings = {
				ALWAYS_SEARCH_USER_PATHS = NO;
				CLANG_ANALYZER_NONNULL = YES;
				CLANG_CXX_LANGUAGE_STANDARD = "gnu++0x";
				CLANG_CXX_LIBRARY = "libc++";
				CLANG_ENABLE_MODULES = YES;
				CLANG_ENABLE_OBJC_ARC = YES;
				CLANG_WARN_BOOL_CONVERSION = YES;
				CLANG_WARN_CONSTANT_CONVERSION = YES;
				CLANG_WARN_DIRECT_OBJC_ISA_USAGE = YES_ERROR;
				CLANG_WARN_DOCUMENTATION_COMMENTS = YES;
				CLANG_WARN_EMPTY_BODY = YES;
				CLANG_WARN_ENUM_CONVERSION = YES;
				CLANG_WARN_INFINITE_RECURSION = YES;
				CLANG_WARN_INT_CONVERSION = YES;
				CLANG_WARN_OBJC_ROOT_CLASS = YES_ERROR;
				CLANG_WARN_SUSPICIOUS_MOVES = YES;
				CLANG_WARN_UNREACHABLE_CODE = YES;
				CLANG_WARN__DUPLICATE_METHOD_MATCH = YES;
				"CODE_SIGN_IDENTITY[sdk=iphoneos*]" = "iPhone Developer";
				COPY_PHASE_STRIP = NO;
				CURRENT_PROJECT_VERSION = 1;
				DEBUG_INFORMATION_FORMAT = "dwarf-with-dsym";
				ENABLE_NS_ASSERTIONS = NO;
				ENABLE_STRICT_OBJC_MSGSEND = YES;
				GCC_C_LANGUAGE_STANDARD = gnu99;
				GCC_NO_COMMON_BLOCKS = YES;
				GCC_WARN_64_TO_32_BIT_CONVERSION = YES;
				GCC_WARN_ABOUT_RETURN_TYPE = YES_ERROR;
				GCC_WARN_UNDECLARED_SELECTOR = YES;
				GCC_WARN_UNINITIALIZED_AUTOS = YES_AGGRESSIVE;
				GCC_WARN_UNUSED_FUNCTION = YES;
				GCC_WARN_UNUSED_VARIABLE = YES;
				IPHONEOS_DEPLOYMENT_TARGET = 10.0;
				MTL_ENABLE_DEBUG_INFO = NO;
				SDKROOT = iphoneos;
				TARGETED_DEVICE_FAMILY = "1,2";
				VALIDATE_PRODUCT = YES;
				VERSIONING_SYSTEM = "apple-generic";
				VERSION_INFO_PREFIX = "";
			};
			name = Release;
		};
		9E398D301DBC925800A7F725 /* Debug */ = {
			isa = XCBuildConfiguration;
			baseConfigurationReference = 6304C859FB5CC491421E4406 /* Pods-FirstTestFrameworks.debug.xcconfig */;
			buildSettings = {
				CODE_SIGN_IDENTITY = "";
				DEFINES_MODULE = YES;
				DYLIB_COMPATIBILITY_VERSION = 1;
				DYLIB_CURRENT_VERSION = 1;
				DYLIB_INSTALL_NAME_BASE = "@rpath";
				INFOPLIST_FILE = FirstTestFrameworks/Info.plist;
				INSTALL_PATH = "$(LOCAL_LIBRARY_DIR)/Frameworks";
				LD_RUNPATH_SEARCH_PATHS = "$(inherited) @executable_path/Frameworks @loader_path/Frameworks";
				PRODUCT_BUNDLE_IDENTIFIER = com.huangshp..FirstTestFrameworks;
				PRODUCT_NAME = "$(TARGET_NAME)";
				SKIP_INSTALL = YES;
			};
			name = Debug;
		};
		9E398D311DBC925800A7F725 /* Release */ = {
			isa = XCBuildConfiguration;
			baseConfigurationReference = 00E2AA8A7B75492844CB5287 /* Pods-FirstTestFrameworks.release.xcconfig */;
			buildSettings = {
				CODE_SIGN_IDENTITY = "";
				DEFINES_MODULE = YES;
				DYLIB_COMPATIBILITY_VERSION = 1;
				DYLIB_CURRENT_VERSION = 1;
				DYLIB_INSTALL_NAME_BASE = "@rpath";
				INFOPLIST_FILE = FirstTestFrameworks/Info.plist;
				INSTALL_PATH = "$(LOCAL_LIBRARY_DIR)/Frameworks";
				LD_RUNPATH_SEARCH_PATHS = "$(inherited) @executable_path/Frameworks @loader_path/Frameworks";
				PRODUCT_BUNDLE_IDENTIFIER = com.huangshp..FirstTestFrameworks;
				PRODUCT_NAME = "$(TARGET_NAME)";
				SKIP_INSTALL = YES;
			};
			name = Release;
		};
/* End XCBuildConfiguration section */

/* Begin XCConfigurationList section */
		9E398D211DBC925800A7F725 /* Build configuration list for PBXProject "FirstTestFrameworks" */ = {
			isa = XCConfigurationList;
			buildConfigurations = (
				9E398D2D1DBC925800A7F725 /* Debug */,
				9E398D2E1DBC925800A7F725 /* Release */,
			);
			defaultConfigurationIsVisible = 0;
			defaultConfigurationName = Release;
		};
		9E398D2F1DBC925800A7F725 /* Build configuration list for PBXNativeTarget "FirstTestFrameworks" */ = {
			isa = XCConfigurationList;
			buildConfigurations = (
				9E398D301DBC925800A7F725 /* Debug */,
				9E398D311DBC925800A7F725 /* Release */,
			);
			defaultConfigurationIsVisible = 0;
			defaultConfigurationName = Release;
		};
/* End XCConfigurationList section */
	};
	rootObject = 9E398D1E1DBC925800A7F725 /* Project object */;
}
