// !$*UTF8*$!
{
	archiveVersion = 1;
	classes = {
	};
	objectVersion = 46;
	objects = {

/* Begin PBXBuildFile section */
		0477F69A1E111B0400BF670C /* TestDataBaseModel.m in Sources */ = {isa = PBXBuildFile; fileRef = 0477F6991E111B0400BF670C /* TestDataBaseModel.m */; };
		6BB8DE10F7797DC450EB3082 /* Pods_FirstTestFrameworksDemo.framework in Frameworks */ = {isa = PBXBuildFile; fileRef = 2A370326CC452637E3B4928E /* Pods_FirstTestFrameworksDemo.framework */; };
		9E398D661DBC9D7D00A7F725 /* main.m in Sources */ = {isa = PBXBuildFile; fileRef = 9E398D651DBC9D7D00A7F725 /* main.m */; };
		9E398D691DBC9D7D00A7F725 /* AppDelegate.m in Sources */ = {isa = PBXBuildFile; fileRef = 9E398D681DBC9D7D00A7F725 /* AppDelegate.m */; };
		9E398D6C1DBC9D7D00A7F725 /* ViewController.m in Sources */ = {isa = PBXBuildFile; fileRef = 9E398D6B1DBC9D7D00A7F725 /* ViewController.m */; };
		9E398D6F1DBC9D7D00A7F725 /* Main.storyboard in Resources */ = {isa = PBXBuildFile; fileRef = 9E398D6D1DBC9D7D00A7F725 /* Main.storyboard */; };
		9E398D721DBC9D7D00A7F725 /* FirstTestFrameworksDemo.xcdatamodeld in Sources */ = {isa = PBXBuildFile; fileRef = 9E398D701DBC9D7D00A7F725 /* FirstTestFrameworksDemo.xcdatamodeld */; };
		9E398D741DBC9D7D00A7F725 /* Assets.xcassets in Resources */ = {isa = PBXBuildFile; fileRef = 9E398D731DBC9D7D00A7F725 /* Assets.xcassets */; };
		9E398D771DBC9D7D00A7F725 /* LaunchScreen.storyboard in Resources */ = {isa = PBXBuildFile; fileRef = 9E398D751DBC9D7D00A7F725 /* LaunchScreen.storyboard */; };
/* End PBXBuildFile section */

/* Begin PBXFileReference section */
		0477F6981E111B0400BF670C /* TestDataBaseModel.h */ = {isa = PBXFileReference; fileEncoding = 4; lastKnownFileType = sourcecode.c.h; path = TestDataBaseModel.h; sourceTree = "<group>"; };
		0477F6991E111B0400BF670C /* TestDataBaseModel.m */ = {isa = PBXFileReference; fileEncoding = 4; lastKnownFileType = sourcecode.c.objc; path = TestDataBaseModel.m; sourceTree = "<group>"; };
		1ADCECE007876BAEAC046069 /* Pods-FirstTestFrameworksDemo.release.xcconfig */ = {isa = PBXFileReference; includeInIndex = 1; lastKnownFileType = text.xcconfig; name = "Pods-FirstTestFrameworksDemo.release.xcconfig"; path = "Pods/Target Support Files/Pods-FirstTestFrameworksDemo/Pods-FirstTestFrameworksDemo.release.xcconfig"; sourceTree = "<group>"; };
		2A370326CC452637E3B4928E /* Pods_FirstTestFrameworksDemo.framework */ = {isa = PBXFileReference; explicitFileType = wrapper.framework; includeInIndex = 0; path = Pods_FirstTestFrameworksDemo.framework; sourceTree = BUILT_PRODUCTS_DIR; };
		9E398D611DBC9D7D00A7F725 /* FirstTestFrameworksDemo.app */ = {isa = PBXFileReference; explicitFileType = wrapper.application; includeInIndex = 0; path = FirstTestFrameworksDemo.app; sourceTree = BUILT_PRODUCTS_DIR; };
		9E398D651DBC9D7D00A7F725 /* main.m */ = {isa = PBXFileReference; lastKnownFileType = sourcecode.c.objc; path = main.m; sourceTree = "<group>"; };
		9E398D671DBC9D7D00A7F725 /* AppDelegate.h */ = {isa = PBXFileReference; lastKnownFileType = sourcecode.c.h; path = AppDelegate.h; sourceTree = "<group>"; };
		9E398D681DBC9D7D00A7F725 /* AppDelegate.m */ = {isa = PBXFileReference; lastKnownFileType = sourcecode.c.objc; path = AppDelegate.m; sourceTree = "<group>"; };
		9E398D6A1DBC9D7D00A7F725 /* ViewController.h */ = {isa = PBXFileReference; lastKnownFileType = sourcecode.c.h; path = ViewController.h; sourceTree = "<group>"; };
		9E398D6B1DBC9D7D00A7F725 /* ViewController.m */ = {isa = PBXFileReference; lastKnownFileType = sourcecode.c.objc; path = ViewController.m; sourceTree = "<group>"; };
		9E398D6E1DBC9D7D00A7F725 /* Base */ = {isa = PBXFileReference; lastKnownFileType = file.storyboard; name = Base; path = Base.lproj/Main.storyboard; sourceTree = "<group>"; };
		9E398D711DBC9D7D00A7F725 /* FirstTestFrameworksDemo.xcdatamodel */ = {isa = PBXFileReference; lastKnownFileType = wrapper.xcdatamodel; path = FirstTestFrameworksDemo.xcdatamodel; sourceTree = "<group>"; };
		9E398D731DBC9D7D00A7F725 /* Assets.xcassets */ = {isa = PBXFileReference; lastKnownFileType = folder.assetcatalog; path = Assets.xcassets; sourceTree = "<group>"; };
		9E398D761DBC9D7D00A7F725 /* Base */ = {isa = PBXFileReference; lastKnownFileType = file.storyboard; name = Base; path = Base.lproj/LaunchScreen.storyboard; sourceTree = "<group>"; };
		9E398D781DBC9D7D00A7F725 /* Info.plist */ = {isa = PBXFileReference; lastKnownFileType = text.plist.xml; path = Info.plist; sourceTree = "<group>"; };
		B27F75C2CCA82A7AFFB183F2 /* Pods-FirstTestFrameworksDemo.debug.xcconfig */ = {isa = PBXFileReference; includeInIndex = 1; lastKnownFileType = text.xcconfig; name = "Pods-FirstTestFrameworksDemo.debug.xcconfig"; path = "Pods/Target Support Files/Pods-FirstTestFrameworksDemo/Pods-FirstTestFrameworksDemo.debug.xcconfig"; sourceTree = "<group>"; };
/* End PBXFileReference section */

/* Begin PBXFrameworksBuildPhase section */
		9E398D5E1DBC9D7D00A7F725 /* Frameworks */ = {
			isa = PBXFrameworksBuildPhase;
			buildActionMask = 2147483647;
			files = (
				6BB8DE10F7797DC450EB3082 /* Pods_FirstTestFrameworksDemo.framework in Frameworks */,
			);
			runOnlyForDeploymentPostprocessing = 0;
		};
/* End PBXFrameworksBuildPhase section */

/* Begin PBXGroup section */
		480DEA77E0004249366B4B55 /* Pods */ = {
			isa = PBXGroup;
			children = (
				B27F75C2CCA82A7AFFB183F2 /* Pods-FirstTestFrameworksDemo.debug.xcconfig */,
				1ADCECE007876BAEAC046069 /* Pods-FirstTestFrameworksDemo.release.xcconfig */,
			);
			name = Pods;
			sourceTree = "<group>";
		};
		9E398D581DBC9D7D00A7F725 = {
			isa = PBXGroup;
			children = (
				9E398D631DBC9D7D00A7F725 /* FirstTestFrameworksDemo */,
				9E398D621DBC9D7D00A7F725 /* Products */,
				480DEA77E0004249366B4B55 /* Pods */,
				B355189DCFA3823C38EC677E /* Frameworks */,
			);
			sourceTree = "<group>";
		};
		9E398D621DBC9D7D00A7F725 /* Products */ = {
			isa = PBXGroup;
			children = (
				9E398D611DBC9D7D00A7F725 /* FirstTestFrameworksDemo.app */,
			);
			name = Products;
			sourceTree = "<group>";
		};
		9E398D631DBC9D7D00A7F725 /* FirstTestFrameworksDemo */ = {
			isa = PBXGroup;
			children = (
				9E398D671DBC9D7D00A7F725 /* AppDelegate.h */,
				9E398D681DBC9D7D00A7F725 /* AppDelegate.m */,
				9E398D6A1DBC9D7D00A7F725 /* ViewController.h */,
				9E398D6B1DBC9D7D00A7F725 /* ViewController.m */,
				0477F6981E111B0400BF670C /* TestDataBaseModel.h */,
				0477F6991E111B0400BF670C /* TestDataBaseModel.m */,
				9E398D6D1DBC9D7D00A7F725 /* Main.storyboard */,
				9E398D731DBC9D7D00A7F725 /* Assets.xcassets */,
				9E398D751DBC9D7D00A7F725 /* LaunchScreen.storyboard */,
				9E398D781DBC9D7D00A7F725 /* Info.plist */,
				9E398D701DBC9D7D00A7F725 /* FirstTestFrameworksDemo.xcdatamodeld */,
				9E398D641DBC9D7D00A7F725 /* Supporting Files */,
			);
			path = FirstTestFrameworksDemo;
			sourceTree = "<group>";
		};
		9E398D641DBC9D7D00A7F725 /* Supporting Files */ = {
			isa = PBXGroup;
			children = (
				9E398D651DBC9D7D00A7F725 /* main.m */,
			);
			name = "Supporting Files";
			sourceTree = "<group>";
		};
		B355189DCFA3823C38EC677E /* Frameworks */ = {
			isa = PBXGroup;
			children = (
				2A370326CC452637E3B4928E /* Pods_FirstTestFrameworksDemo.framework */,
			);
			name = Frameworks;
			sourceTree = "<group>";
		};
/* End PBXGroup section */

/* Begin PBXNativeTarget section */
		9E398D601DBC9D7D00A7F725 /* FirstTestFrameworksDemo */ = {
			isa = PBXNativeTarget;
			buildConfigurationList = 9E398D7B1DBC9D7D00A7F725 /* Build configuration list for PBXNativeTarget "FirstTestFrameworksDemo" */;
			buildPhases = (
				0ABC4C5670A0E5E812ECD171 /* [CP] Check Pods Manifest.lock */,
				9E398D5D1DBC9D7D00A7F725 /* Sources */,
				9E398D5E1DBC9D7D00A7F725 /* Frameworks */,
				9E398D5F1DBC9D7D00A7F725 /* Resources */,
				DD5DC0E1DFA96E469C8538B8 /* [CP] Embed Pods Frameworks */,
				26490BDD1CF90142DDF2D450 /* [CP] Copy Pods Resources */,
			);
			buildRules = (
			);
			dependencies = (
			);
			name = FirstTestFrameworksDemo;
			productName = FirstTestFrameworksDemo;
			productReference = 9E398D611DBC9D7D00A7F725 /* FirstTestFrameworksDemo.app */;
			productType = "com.apple.product-type.application";
		};
/* End PBXNativeTarget section */

/* Begin PBXProject section */
		9E398D591DBC9D7D00A7F725 /* Project object */ = {
			isa = PBXProject;
			attributes = {
				LastUpgradeCheck = 0800;
				ORGANIZATIONNAME = huangshupeng;
				TargetAttributes = {
					9E398D601DBC9D7D00A7F725 = {
						CreatedOnToolsVersion = 8.0;
						DevelopmentTeam = 2X8ED8ZMS2;
						ProvisioningStyle = Automatic;
					};
				};
			};
			buildConfigurationList = 9E398D5C1DBC9D7D00A7F725 /* Build configuration list for PBXProject "FirstTestFrameworksDemo" */;
			compatibilityVersion = "Xcode 3.2";
			developmentRegion = English;
			hasScannedForEncodings = 0;
			knownRegions = (
				en,
				Base,
			);
			mainGroup = 9E398D581DBC9D7D00A7F725;
			productRefGroup = 9E398D621DBC9D7D00A7F725 /* Products */;
			projectDirPath = "";
			projectRoot = "";
			targets = (
				9E398D601DBC9D7D00A7F725 /* FirstTestFrameworksDemo */,
			);
		};
/* End PBXProject section */

/* Begin PBXResourcesBuildPhase section */
		9E398D5F1DBC9D7D00A7F725 /* Resources */ = {
			isa = PBXResourcesBuildPhase;
			buildActionMask = 2147483647;
			files = (
				9E398D771DBC9D7D00A7F725 /* LaunchScreen.storyboard in Resources */,
				9E398D741DBC9D7D00A7F725 /* Assets.xcassets in Resources */,
				9E398D6F1DBC9D7D00A7F725 /* Main.storyboard in Resources */,
			);
			runOnlyForDeploymentPostprocessing = 0;
		};
/* End PBXResourcesBuildPhase section */

/* Begin PBXShellScriptBuildPhase section */
		0ABC4C5670A0E5E812ECD171 /* [CP] Check Pods Manifest.lock */ = {
			isa = PBXShellScriptBuildPhase;
			buildActionMask = 2147483647;
			files = (
			);
			inputPaths = (
			);
			name = "[CP] Check Pods Manifest.lock";
			outputPaths = (
			);
			runOnlyForDeploymentPostprocessing = 0;
			shellPath = /bin/sh;
			shellScript = "diff \"${PODS_ROOT}/../Podfile.lock\" \"${PODS_ROOT}/Manifest.lock\" > /dev/null\nif [ $? != 0 ] ; then\n    # print error to STDERR\n    echo \"error: The sandbox is not in sync with the Podfile.lock. Run 'pod install' or update your CocoaPods installation.\" >&2\n    exit 1\nfi\n";
			showEnvVarsInLog = 0;
		};
		26490BDD1CF90142DDF2D450 /* [CP] Copy Pods Resources */ = {
			isa = PBXShellScriptBuildPhase;
			buildActionMask = 2147483647;
			files = (
			);
			inputPaths = (
			);
			name = "[CP] Copy Pods Resources";
			outputPaths = (
			);
			runOnlyForDeploymentPostprocessing = 0;
			shellPath = /bin/sh;
			shellScript = "\"${SRCROOT}/Pods/Target Support Files/Pods-FirstTestFrameworksDemo/Pods-FirstTestFrameworksDemo-resources.sh\"\n";
			showEnvVarsInLog = 0;
		};
		DD5DC0E1DFA96E469C8538B8 /* [CP] Embed Pods Frameworks */ = {
			isa = PBXShellScriptBuildPhase;
			buildActionMask = 2147483647;
			files = (
			);
			inputPaths = (
			);
			name = "[CP] Embed Pods Frameworks";
			outputPaths = (
			);
			runOnlyForDeploymentPostprocessing = 0;
			shellPath = /bin/sh;
			shellScript = "\"${SRCROOT}/Pods/Target Support Files/Pods-FirstTestFrameworksDemo/Pods-FirstTestFrameworksDemo-frameworks.sh\"\n";
			showEnvVarsInLog = 0;
		};
/* End PBXShellScriptBuildPhase section */

/* Begin PBXSourcesBuildPhase section */
		9E398D5D1DBC9D7D00A7F725 /* Sources */ = {
			isa = PBXSourcesBuildPhase;
			buildActionMask = 2147483647;
			files = (
				9E398D6C1DBC9D7D00A7F725 /* ViewController.m in Sources */,
				0477F69A1E111B0400BF670C /* TestDataBaseModel.m in Sources */,
				9E398D691DBC9D7D00A7F725 /* AppDelegate.m in Sources */,
				9E398D721DBC9D7D00A7F725 /* FirstTestFrameworksDemo.xcdatamodeld in Sources */,
				9E398D661DBC9D7D00A7F725 /* main.m in Sources */,
			);
			runOnlyForDeploymentPostprocessing = 0;
		};
/* End PBXSourcesBuildPhase section */

/* Begin PBXVariantGroup section */
		9E398D6D1DBC9D7D00A7F725 /* Main.storyboard */ = {
			isa = PBXVariantGroup;
			children = (
				9E398D6E1DBC9D7D00A7F725 /* Base */,
			);
			name = Main.storyboard;
			sourceTree = "<group>";
		};
		9E398D751DBC9D7D00A7F725 /* LaunchScreen.storyboard */ = {
			isa = PBXVariantGroup;
			children = (
				9E398D761DBC9D7D00A7F725 /* Base */,
			);
			name = LaunchScreen.storyboard;
			sourceTree = "<group>";
		};
/* End PBXVariantGroup section */

/* Begin XCBuildConfiguration section */
		9E398D791DBC9D7D00A7F725 /* Debug */ = {
			isa = XCBuildConfiguration;
			buildSettings = {
				ALWAYS_SEARCH_USER_PATHS = NO;
				CLANG_ANALYZER_NONNULL = YES;
				CLANG_CXX_LANGUAGE_STANDARD = "gnu++0x";
				CLANG_CXX_LIBRARY = "libc++";
				CLANG_ENABLE_MODULES = YES;
				CLANG_ENABLE_OBJC_ARC = YES;
				CLANG_WARN_BOOL_CONVERSION = YES;
				CLANG_WARN_CONSTANT_CONVERSION = YES;
				CLANG_WARN_DIRECT_OBJC_ISA_USAGE = YES_ERROR;
				CLANG_WARN_DOCUMENTATION_COMMENTS = YES;
				CLANG_WARN_EMPTY_BODY = YES;
				CLANG_WARN_ENUM_CONVERSION = YES;
				CLANG_WARN_INFINITE_RECURSION = YES;
				CLANG_WARN_INT_CONVERSION = YES;
				CLANG_WARN_OBJC_ROOT_CLASS = YES_ERROR;
				CLANG_WARN_SUSPICIOUS_MOVES = YES;
				CLANG_WARN_UNREACHABLE_CODE = YES;
				CLANG_WARN__DUPLICATE_METHOD_MATCH = YES;
				"CODE_SIGN_IDENTITY[sdk=iphoneos*]" = "iPhone Developer";
				COPY_PHASE_STRIP = NO;
				DEBUG_INFORMATION_FORMAT = dwarf;
				ENABLE_STRICT_OBJC_MSGSEND = YES;
				ENABLE_TESTABILITY = YES;
				GCC_C_LANGUAGE_STANDARD = gnu99;
				GCC_DYNAMIC_NO_PIC = NO;
				GCC_NO_COMMON_BLOCKS = YES;
				GCC_OPTIMIZATION_LEVEL = 0;
				GCC_PREPROCESSOR_DEFINITIONS = (
					"DEBUG=1",
					"$(inherited)",
				);
				GCC_WARN_64_TO_32_BIT_CONVERSION = YES;
				GCC_WARN_ABOUT_RETURN_TYPE = YES_ERROR;
				GCC_WARN_UNDECLARED_SELECTOR = YES;
				GCC_WARN_UNINITIALIZED_AUTOS = YES_AGGRESSIVE;
				GCC_WARN_UNUSED_FUNCTION = YES;
				GCC_WARN_UNUSED_VARIABLE = YES;
				IPHONEOS_DEPLOYMENT_TARGET = 10.0;
				MTL_ENABLE_DEBUG_INFO = YES;
				ONLY_ACTIVE_ARCH = YES;
				SDKROOT = iphoneos;
			};
			name = Debug;
		};
		9E398D7A1DBC9D7D00A7F725 /* Release */ = {
			isa = XCBuildConfiguration;
			buildSettings = {
				ALWAYS_SEARCH_USER_PATHS = NO;
				CLANG_ANALYZER_NONNULL = YES;
				CLANG_CXX_LANGUAGE_STANDARD = "gnu++0x";
				CLANG_CXX_LIBRARY = "libc++";
				CLANG_ENABLE_MODULES = YES;
				CLANG_ENABLE_OBJC_ARC = YES;
				CLANG_WARN_BOOL_CONVERSION = YES;
				CLANG_WARN_CONSTANT_CONVERSION = YES;
				CLANG_WARN_DIRECT_OBJC_ISA_USAGE = YES_ERROR;
				CLANG_WARN_DOCUMENTATION_COMMENTS = YES;
				CLANG_WARN_EMPTY_BODY = YES;
				CLANG_WARN_ENUM_CONVERSION = YES;
				CLANG_WARN_INFINITE_RECURSION = YES;
				CLANG_WARN_INT_CONVERSION = YES;
				CLANG_WARN_OBJC_ROOT_CLASS = YES_ERROR;
				CLANG_WARN_SUSPICIOUS_MOVES = YES;
				CLANG_WARN_UNREACHABLE_CODE = YES;
				CLANG_WARN__DUPLICATE_METHOD_MATCH = YES;
				"CODE_SIGN_IDENTITY[sdk=iphoneos*]" = "iPhone Developer";
				COPY_PHASE_STRIP = NO;
				DEBUG_INFORMATION_FORMAT = "dwarf-with-dsym";
				ENABLE_NS_ASSERTIONS = NO;
				ENABLE_STRICT_OBJC_MSGSEND = YES;
				GCC_C_LANGUAGE_STANDARD = gnu99;
				GCC_NO_COMMON_BLOCKS = YES;
				GCC_WARN_64_TO_32_BIT_CONVERSION = YES;
				GCC_WARN_ABOUT_RETURN_TYPE = YES_ERROR;
				GCC_WARN_UNDECLARED_SELECTOR = YES;
				GCC_WARN_UNINITIALIZED_AUTOS = YES_AGGRESSIVE;
				GCC_WARN_UNUSED_FUNCTION = YES;
				GCC_WARN_UNUSED_VARIABLE = YES;
				IPHONEOS_DEPLOYMENT_TARGET = 10.0;
				MTL_ENABLE_DEBUG_INFO = NO;
				SDKROOT = iphoneos;
				VALIDATE_PRODUCT = YES;
			};
			name = Release;
		};
		9E398D7C1DBC9D7D00A7F725 /* Debug */ = {
			isa = XCBuildConfiguration;
			baseConfigurationReference = B27F75C2CCA82A7AFFB183F2 /* Pods-FirstTestFrameworksDemo.debug.xcconfig */;
			buildSettings = {
				ASSETCATALOG_COMPILER_APPICON_NAME = AppIcon;
				DEVELOPMENT_TEAM = 2X8ED8ZMS2;
				INFOPLIST_FILE = FirstTestFrameworksDemo/Info.plist;
				LD_RUNPATH_SEARCH_PATHS = "$(inherited) @executable_path/Frameworks";
				PRODUCT_BUNDLE_IDENTIFIER = com.huangshp..FirstTestFrameworksDemo;
				PRODUCT_NAME = "$(TARGET_NAME)";
			};
			name = Debug;
		};
		9E398D7D1DBC9D7D00A7F725 /* Release */ = {
			isa = XCBuildConfiguration;
			baseConfigurationReference = 1ADCECE007876BAEAC046069 /* Pods-FirstTestFrameworksDemo.release.xcconfig */;
			buildSettings = {
				ASSETCATALOG_COMPILER_APPICON_NAME = AppIcon;
				DEVELOPMENT_TEAM = 2X8ED8ZMS2;
				INFOPLIST_FILE = FirstTestFrameworksDemo/Info.plist;
				LD_RUNPATH_SEARCH_PATHS = "$(inherited) @executable_path/Frameworks";
				PRODUCT_BUNDLE_IDENTIFIER = com.huangshp..FirstTestFrameworksDemo;
				PRODUCT_NAME = "$(TARGET_NAME)";
			};
			name = Release;
		};
/* End XCBuildConfiguration section */

/* Begin XCConfigurationList section */
		9E398D5C1DBC9D7D00A7F725 /* Build configuration list for PBXProject "FirstTestFrameworksDemo" */ = {
			isa = XCConfigurationList;
			buildConfigurations = (
				9E398D791DBC9D7D00A7F725 /* Debug */,
				9E398D7A1DBC9D7D00A7F725 /* Release */,
			);
			defaultConfigurationIsVisible = 0;
			defaultConfigurationName = Release;
		};
		9E398D7B1DBC9D7D00A7F725 /* Build configuration list for PBXNativeTarget "FirstTestFrameworksDemo" */ = {
			isa = XCConfigurationList;
			buildConfigurations = (
				9E398D7C1DBC9D7D00A7F725 /* Debug */,
				9E398D7D1DBC9D7D00A7F725 /* Release */,
			);
			defaultConfigurationIsVisible = 0;
			defaultConfigurationName = Release;
		};
/* End XCConfigurationList section */

/* Begin XCVersionGroup section */
		9E398D701DBC9D7D00A7F725 /* FirstTestFrameworksDemo.xcdatamodeld */ = {
			isa = XCVersionGroup;
			children = (
				9E398D711DBC9D7D00A7F725 /* FirstTestFrameworksDemo.xcdatamodel */,
			);
			currentVersion = 9E398D711DBC9D7D00A7F725 /* FirstTestFrameworksDemo.xcdatamodel */;
			path = FirstTestFrameworksDemo.xcdatamodeld;
			sourceTree = "<group>";
			versionGroupType = wrapper.xcdatamodel;
		};
/* End XCVersionGroup section */
	};
	rootObject = 9E398D591DBC9D7D00A7F725 /* Project object */;
}
